
Microsoft Visual Studio Solution File, Format Version 12.00
# Visual Studio Version 17
VisualStudioVersion = 17.11.35312.102
MinimumVisualStudioVersion = 10.0.40219.1
Project("{9A19103F-16F7-4668-BE54-9A1E7A4F7556}") = "TradingEngineServer", "TradingEngine\TradingEngineServer.csproj", "{C0DA4FB5-A9C5-448C-BA00-451471409768}"
EndProject
Project("{FAE04EC0-301F-11D3-BF4B-00C04F79EFBC}") = "LoggingCS", "LoggingCS\LoggingCS\LoggingCS.csproj", "{1EB38A91-FA94-4E62-BAE0-BDB2F9776915}"
EndProject
Global
	GlobalSection(SolutionConfigurationPlatforms) = preSolution
		Debug|Any CPU = Debug|Any CPU
		Release|Any CPU = Release|Any CPU
	EndGlobalSection
	GlobalSection(ProjectConfigurationPlatforms) = postSolution
		{C0DA4FB5-A9C5-448C-BA00-451471409768}.Debug|Any CPU.ActiveCfg = Debug|Any CPU
		{C0DA4FB5-A9C5-448C-BA00-451471409768}.Debug|Any CPU.Build.0 = Debug|Any CPU
		{C0DA4FB5-A9C5-448C-BA00-451471409768}.Release|Any CPU.ActiveCfg = Release|Any CPU
		{C0DA4FB5-A9C5-448C-BA00-451471409768}.Release|Any CPU.Build.0 = Release|Any CPU
		{1EB38A91-FA94-4E62-BAE0-BDB2F9776915}.Debug|Any CPU.ActiveCfg = Debug|Any CPU
		{1EB38A91-FA94-4E62-BAE0-BDB2F9776915}.Debug|Any CPU.Build.0 = Debug|Any CPU
		{1EB38A91-FA94-4E62-BAE0-BDB2F9776915}.Release|Any CPU.ActiveCfg = Release|Any CPU
		{1EB38A91-FA94-4E62-BAE0-BDB2F9776915}.Release|Any CPU.Build.0 = Release|Any CPU
	EndGlobalSection
	GlobalSection(SolutionProperties) = preSolution
		HideSolutionNode = FALSE
	EndGlobalSection
	GlobalSection(ExtensibilityGlobals) = postSolution
		SolutionGuid = {927CC66E-2781-4477-983A-0CA017F8C413}
	EndGlobalSection
EndGlobal
